# THIS IS AN AUTOGENERATED FILE. DO NOT EDIT THIS FILE DIRECTLY.
# yarn lockfile v1


tiddlywiki@5.2.5:
  version "5.2.5"
  resolved "https://registry.yarnpkg.com/tiddlywiki/-/tiddlywiki-5.2.5.tgz#ba1171828ca167fa4276449cbc295b3cf56470bf"
  integrity sha512-Xfq9NHxAwg2UvCimbtZWWqZyfUpVyq1w+tfb0vMrx3wyWK3VZD1hogJTN1a5qBNyvD9d+WmpZkCw/xN5smRzLQ==
